
Microsoft Visual Studio Solution File, Format Version 12.00
# Visual Studio Version 16
VisualStudioVersion = 16.0.29215.179
MinimumVisualStudioVersion = 10.0.40219.1
Project("{2150E333-8FDC-42A3-9474-1A3956D46DE8}") = "Solution Items", "Solution Items", "{A4F1296F-77AA-4DFC-AAFE-F01D163215F9}"
EndProject
Project("{FAE04EC0-301F-11D3-BF4B-00C04F79EFBC}") = "Libreria", "Libreria\Libreria.csproj", "{29F1477A-5A2B-4898-B075-C1ADB38CF191}"
EndProject
Global
	GlobalSection(SolutionConfigurationPlatforms) = preSolution
		Debug|Any CPU = Debug|Any CPU
		Release|Any CPU = Release|Any CPU
	EndGlobalSection
	GlobalSection(ProjectConfigurationPlatforms) = postSolution
		{29F1477A-5A2B-4898-B075-C1ADB38CF191}.Debug|Any CPU.ActiveCfg = Debug|Any CPU
		{29F1477A-5A2B-4898-B075-C1ADB38CF191}.Debug|Any CPU.Build.0 = Debug|Any CPU
		{29F1477A-5A2B-4898-B075-C1ADB38CF191}.Release|Any CPU.ActiveCfg = Release|Any CPU
		{29F1477A-5A2B-4898-B075-C1ADB38CF191}.Release|Any CPU.Build.0 = Release|Any CPU
	EndGlobalSection
	GlobalSection(SolutionProperties) = preSolution
		HideSolutionNode = FALSE
	EndGlobalSection
	GlobalSection(ExtensibilityGlobals) = postSolution
		SolutionGuid = {1018D421-7E9B-4E45-A0EA-D3D77F565905}
	EndGlobalSection
EndGlobal
